
Microsoft Visual Studio Solution File, Format Version 12.00
# Visual Studio Version 17
VisualStudioVersion = 17.4.33213.308
MinimumVisualStudioVersion = 10.0.40219.1
Project("{FAE04EC0-301F-11D3-BF4B-00C04F79EFBC}") = "Module15", "Module15\Module15.csproj", "{9DFADA32-DF7A-4D0E-BE40-CFD020873C8F}"
EndProject
Global
	GlobalSection(SolutionConfigurationPlatforms) = preSolution
		Debug|Any CPU = Debug|Any CPU
		Release|Any CPU = Release|Any CPU
	EndGlobalSection
	GlobalSection(ProjectConfigurationPlatforms) = postSolution
		{9DFADA32-DF7A-4D0E-BE40-CFD020873C8F}.Debug|Any CPU.ActiveCfg = Debug|Any CPU
		{9DFADA32-DF7A-4D0E-BE40-CFD020873C8F}.Debug|Any CPU.Build.0 = Debug|Any CPU
		{9DFADA32-DF7A-4D0E-BE40-CFD020873C8F}.Release|Any CPU.ActiveCfg = Release|Any CPU
		{9DFADA32-DF7A-4D0E-BE40-CFD020873C8F}.Release|Any CPU.Build.0 = Release|Any CPU
	EndGlobalSection
	GlobalSection(SolutionProperties) = preSolution
		HideSolutionNode = FALSE
	EndGlobalSection
	GlobalSection(ExtensibilityGlobals) = postSolution
		SolutionGuid = {34925736-C1F4-47F5-801E-8DCDBC72823F}
	EndGlobalSection
EndGlobal
